
Microsoft Visual Studio Solution File, Format Version 12.00
# Visual Studio Version 16
VisualStudioVersion = 25.0.1704.2
MinimumVisualStudioVersion = 10.0.40219.1
Project("{FAE04EC0-301F-11D3-BF4B-00C04F79EFBC}") = "ManualTools", "ManualTools\ManualTools.csproj", "{5FA333DB-36EB-405A-A863-C8F9F8622F99}"
EndProject
Global
	GlobalSection(SolutionConfigurationPlatforms) = preSolution
		Debug|Any CPU = Debug|Any CPU
		Release|Any CPU = Release|Any CPU
	EndGlobalSection
	GlobalSection(ProjectConfigurationPlatforms) = postSolution
		{5FA333DB-36EB-405A-A863-C8F9F8622F99}.Debug|Any CPU.ActiveCfg = Debug|Any CPU
		{5FA333DB-36EB-405A-A863-C8F9F8622F99}.Debug|Any CPU.Build.0 = Debug|Any CPU
		{5FA333DB-36EB-405A-A863-C8F9F8622F99}.Release|Any CPU.ActiveCfg = Release|Any CPU
		{5FA333DB-36EB-405A-A863-C8F9F8622F99}.Release|Any CPU.Build.0 = Release|Any CPU
	EndGlobalSection
	GlobalSection(SolutionProperties) = preSolution
		HideSolutionNode = FALSE
	EndGlobalSection
	GlobalSection(ExtensibilityGlobals) = postSolution
		SolutionGuid = {2A265116-6C0D-4774-8477-1081D1B38CAB}
	EndGlobalSection
EndGlobal
